
Microsoft Visual Studio Solution File, Format Version 11.00
# Visual Studio 2010
Project("{FAE04EC0-301F-11D3-BF4B-00C04F79EFBC}") = "Core", "Common\Core\Core.csproj", "{A2E5AA90-3908-49C1-8916-4DCB9A5029B7}"
EndProject
Project("{2150E333-8FDC-42A3-9474-1A3956D46DE8}") = "3_DataService", "3_DataService", "{8E784CEC-96E8-452F-BADE-950A5AF2FC82}"
EndProject
Project("{2150E333-8FDC-42A3-9474-1A3956D46DE8}") = "2_DataAccess", "2_DataAccess", "{011E3ACB-50A9-4099-B6F8-FEC3689BFD7E}"
EndProject
Project("{2150E333-8FDC-42A3-9474-1A3956D46DE8}") = "EntityFreamwork", "EntityFreamwork", "{6EAEB508-8811-4E13-8654-87D70CAD8ED8}"
EndProject
Project("{FAE04EC0-301F-11D3-BF4B-00C04F79EFBC}") = "EF.DAL", "Common\DataAccess\EntityFreamwork\DAL\EF.DAL.csproj", "{5E944CB6-A817-4925-B77E-1CA97555C344}"
EndProject
Project("{FAE04EC0-301F-11D3-BF4B-00C04F79EFBC}") = "EF.Model", "Common\DataAccess\EntityFreamwork\Module\EF.Model.csproj", "{DA12C4CE-9261-41D1-B3EE-67C34E24D497}"
EndProject
Project("{FAE04EC0-301F-11D3-BF4B-00C04F79EFBC}") = "Wcf.BLL", "Common\DataService\WCFBLL\Wcf.BLL.csproj", "{AE915E20-9A8D-480B-9A15-33469599C79A}"
EndProject
Project("{FAE04EC0-301F-11D3-BF4B-00C04F79EFBC}") = "Wcf.Entity", "Common\DataService\Wcf.Entity\Wcf.Entity.csproj", "{44438E27-5943-4CF1-A4C0-DBAE6492CC32}"
EndProject
Project("{FAE04EC0-301F-11D3-BF4B-00C04F79EFBC}") = "Factory", "Common\DataService\Factory\Factory.csproj", "{C4233E3B-D9A9-412C-85B6-9B4373F3E107}"
EndProject
Project("{2150E333-8FDC-42A3-9474-1A3956D46DE8}") = "4_API", "4_API", "{234E8A0A-7076-41F9-B931-77D9F0F8A160}"
EndProject
Project("{FAE04EC0-301F-11D3-BF4B-00C04F79EFBC}") = "Wcf.ServiceHost", "API\WCF\Wcf.ServiceHost\Wcf.ServiceHost.csproj", "{AD23EC41-6614-405A-80C4-477E118FE658}"
EndProject
Project("{FAE04EC0-301F-11D3-BF4B-00C04F79EFBC}") = "Wcf.ServiceLibrary", "API\WCF\Wcf.ServiceLibrary\Wcf.ServiceLibrary.csproj", "{9A3C15DA-91AE-4F45-B72D-D4178D324E18}"
EndProject
Project("{FAE04EC0-301F-11D3-BF4B-00C04F79EFBC}") = "Wcf.SpringDotNetAdvice", "API\WCF\Wcf.SpringDotNetAdvice\Wcf.SpringDotNetAdvice.csproj", "{99918A9A-F5AC-4AEB-B46E-0E3F775757D7}"
EndProject
Project("{2150E333-8FDC-42A3-9474-1A3956D46DE8}") = "WCF", "WCF", "{7A12BCA9-36B3-42C4-BB25-B623F7EF99CC}"
EndProject
Project("{2150E333-8FDC-42A3-9474-1A3956D46DE8}") = "7_WebSite", "7_WebSite", "{9958FDF6-24A1-4C5B-AE6B-068ACDEC1B7A}"
EndProject
Project("{FAE04EC0-301F-11D3-BF4B-00C04F79EFBC}") = "MobileSite", "WebSite\MobileSite\MobileSite.csproj", "{FFBA5C31-DB30-48CD-B7E1-B759497C8354}"
EndProject
Project("{2150E333-8FDC-42A3-9474-1A3956D46DE8}") = "5_ExtLibary", "5_ExtLibary", "{7D790905-929A-49F3-A000-797D7F4F4CE8}"
EndProject
Project("{2150E333-8FDC-42A3-9474-1A3956D46DE8}") = "1_Common", "1_Common", "{3FC035FB-5036-4A8F-BD8B-61C318413628}"
EndProject
Project("{FAE04EC0-301F-11D3-BF4B-00C04F79EFBC}") = "HttpManager", "ExtLibary\HttpManager\HttpManager.csproj", "{F8D0E5C4-FAAC-4B6D-BCBB-C81CA9424E6E}"
EndProject
Project("{FAE04EC0-301F-11D3-BF4B-00C04F79EFBC}") = "MobileSite.BaseLib", "ExtLibary\MobileSite.BaseLib\MobileSite.BaseLib.csproj", "{4ACD0453-6F92-4813-8B91-3A63251F8ACA}"
EndProject
Project("{2150E333-8FDC-42A3-9474-1A3956D46DE8}") = "0_Resources", "0_Resources", "{28D23F35-2D63-4ADF-80DC-5F0195B60764}"
EndProject
Project("{E24C65DC-7377-472B-9ABA-BC803B73C61A}") = "Resources", "Resources\", "{326BF8F1-186E-432E-94BB-F092D7EF0212}"
	ProjectSection(WebsiteProperties) = preProject
		TargetFrameworkMoniker = ".NETFramework,Version%3Dv4.0"
		Debug.AspNetCompiler.VirtualPath = "/Resources"
		Debug.AspNetCompiler.PhysicalPath = "Resources\"
		Debug.AspNetCompiler.TargetPath = "PrecompiledWeb\Resources\"
		Debug.AspNetCompiler.Updateable = "true"
		Debug.AspNetCompiler.ForceOverwrite = "true"
		Debug.AspNetCompiler.FixedNames = "false"
		Debug.AspNetCompiler.Debug = "True"
		Release.AspNetCompiler.VirtualPath = "/Resources"
		Release.AspNetCompiler.PhysicalPath = "Resources\"
		Release.AspNetCompiler.TargetPath = "PrecompiledWeb\Resources\"
		Release.AspNetCompiler.Updateable = "true"
		Release.AspNetCompiler.ForceOverwrite = "true"
		Release.AspNetCompiler.FixedNames = "false"
		Release.AspNetCompiler.Debug = "False"
		VWDPort = "16005"
	EndProjectSection
EndProject
Project("{2150E333-8FDC-42A3-9474-1A3956D46DE8}") = "6_ResourcesWeb", "6_ResourcesWeb", "{582B8194-06B4-4599-B3F4-F36825062489}"
EndProject
Project("{2150E333-8FDC-42A3-9474-1A3956D46DE8}") = "Test", "Test", "{033B655C-A65C-43E3-A879-33B9B92247F0}"
EndProject
Project("{FAE04EC0-301F-11D3-BF4B-00C04F79EFBC}") = "DALTest", "DALTest\DALTest.csproj", "{9A26962A-277E-41C9-9976-2B10B6A8CA62}"
EndProject
Project("{2150E333-8FDC-42A3-9474-1A3956D46DE8}") = "Solution Items", "Solution Items", "{3969D62D-4915-4B4E-A18C-87FB816DE5F7}"
	ProjectSection(SolutionItems) = preProject
		Local.testsettings = Local.testsettings
		MyzjCodeRepository.vsmdi = MyzjCodeRepository.vsmdi
		TraceAndTestImpact.testsettings = TraceAndTestImpact.testsettings
	EndProjectSection
EndProject
Global
	GlobalSection(TestCaseManagementSettings) = postSolution
		CategoryFile = MyzjCodeRepository.vsmdi
	EndGlobalSection
	GlobalSection(SolutionConfigurationPlatforms) = preSolution
		Debug|Any CPU = Debug|Any CPU
		Release|Any CPU = Release|Any CPU
	EndGlobalSection
	GlobalSection(ProjectConfigurationPlatforms) = postSolution
		{A2E5AA90-3908-49C1-8916-4DCB9A5029B7}.Debug|Any CPU.ActiveCfg = Debug|Any CPU
		{A2E5AA90-3908-49C1-8916-4DCB9A5029B7}.Debug|Any CPU.Build.0 = Debug|Any CPU
		{A2E5AA90-3908-49C1-8916-4DCB9A5029B7}.Release|Any CPU.ActiveCfg = Release|Any CPU
		{A2E5AA90-3908-49C1-8916-4DCB9A5029B7}.Release|Any CPU.Build.0 = Release|Any CPU
		{5E944CB6-A817-4925-B77E-1CA97555C344}.Debug|Any CPU.ActiveCfg = Debug|Any CPU
		{5E944CB6-A817-4925-B77E-1CA97555C344}.Debug|Any CPU.Build.0 = Debug|Any CPU
		{5E944CB6-A817-4925-B77E-1CA97555C344}.Release|Any CPU.ActiveCfg = Release|Any CPU
		{5E944CB6-A817-4925-B77E-1CA97555C344}.Release|Any CPU.Build.0 = Release|Any CPU
		{DA12C4CE-9261-41D1-B3EE-67C34E24D497}.Debug|Any CPU.ActiveCfg = Debug|Any CPU
		{DA12C4CE-9261-41D1-B3EE-67C34E24D497}.Debug|Any CPU.Build.0 = Debug|Any CPU
		{DA12C4CE-9261-41D1-B3EE-67C34E24D497}.Release|Any CPU.ActiveCfg = Release|Any CPU
		{DA12C4CE-9261-41D1-B3EE-67C34E24D497}.Release|Any CPU.Build.0 = Release|Any CPU
		{AE915E20-9A8D-480B-9A15-33469599C79A}.Debug|Any CPU.ActiveCfg = Debug|Any CPU
		{AE915E20-9A8D-480B-9A15-33469599C79A}.Debug|Any CPU.Build.0 = Debug|Any CPU
		{AE915E20-9A8D-480B-9A15-33469599C79A}.Release|Any CPU.ActiveCfg = Release|Any CPU
		{AE915E20-9A8D-480B-9A15-33469599C79A}.Release|Any CPU.Build.0 = Release|Any CPU
		{44438E27-5943-4CF1-A4C0-DBAE6492CC32}.Debug|Any CPU.ActiveCfg = Debug|Any CPU
		{44438E27-5943-4CF1-A4C0-DBAE6492CC32}.Debug|Any CPU.Build.0 = Debug|Any CPU
		{44438E27-5943-4CF1-A4C0-DBAE6492CC32}.Release|Any CPU.ActiveCfg = Release|Any CPU
		{44438E27-5943-4CF1-A4C0-DBAE6492CC32}.Release|Any CPU.Build.0 = Release|Any CPU
		{C4233E3B-D9A9-412C-85B6-9B4373F3E107}.Debug|Any CPU.ActiveCfg = Debug|Any CPU
		{C4233E3B-D9A9-412C-85B6-9B4373F3E107}.Debug|Any CPU.Build.0 = Debug|Any CPU
		{C4233E3B-D9A9-412C-85B6-9B4373F3E107}.Release|Any CPU.ActiveCfg = Release|Any CPU
		{C4233E3B-D9A9-412C-85B6-9B4373F3E107}.Release|Any CPU.Build.0 = Release|Any CPU
		{AD23EC41-6614-405A-80C4-477E118FE658}.Debug|Any CPU.ActiveCfg = Debug|Any CPU
		{AD23EC41-6614-405A-80C4-477E118FE658}.Debug|Any CPU.Build.0 = Debug|Any CPU
		{AD23EC41-6614-405A-80C4-477E118FE658}.Release|Any CPU.ActiveCfg = Release|Any CPU
		{AD23EC41-6614-405A-80C4-477E118FE658}.Release|Any CPU.Build.0 = Release|Any CPU
		{9A3C15DA-91AE-4F45-B72D-D4178D324E18}.Debug|Any CPU.ActiveCfg = Debug|Any CPU
		{9A3C15DA-91AE-4F45-B72D-D4178D324E18}.Debug|Any CPU.Build.0 = Debug|Any CPU
		{9A3C15DA-91AE-4F45-B72D-D4178D324E18}.Release|Any CPU.ActiveCfg = Release|Any CPU
		{9A3C15DA-91AE-4F45-B72D-D4178D324E18}.Release|Any CPU.Build.0 = Release|Any CPU
		{99918A9A-F5AC-4AEB-B46E-0E3F775757D7}.Debug|Any CPU.ActiveCfg = Debug|Any CPU
		{99918A9A-F5AC-4AEB-B46E-0E3F775757D7}.Debug|Any CPU.Build.0 = Debug|Any CPU
		{99918A9A-F5AC-4AEB-B46E-0E3F775757D7}.Release|Any CPU.ActiveCfg = Release|Any CPU
		{99918A9A-F5AC-4AEB-B46E-0E3F775757D7}.Release|Any CPU.Build.0 = Release|Any CPU
		{FFBA5C31-DB30-48CD-B7E1-B759497C8354}.Debug|Any CPU.ActiveCfg = Debug|Any CPU
		{FFBA5C31-DB30-48CD-B7E1-B759497C8354}.Debug|Any CPU.Build.0 = Debug|Any CPU
		{FFBA5C31-DB30-48CD-B7E1-B759497C8354}.Release|Any CPU.ActiveCfg = Release|Any CPU
		{FFBA5C31-DB30-48CD-B7E1-B759497C8354}.Release|Any CPU.Build.0 = Release|Any CPU
		{F8D0E5C4-FAAC-4B6D-BCBB-C81CA9424E6E}.Debug|Any CPU.ActiveCfg = Debug|Any CPU
		{F8D0E5C4-FAAC-4B6D-BCBB-C81CA9424E6E}.Debug|Any CPU.Build.0 = Debug|Any CPU
		{F8D0E5C4-FAAC-4B6D-BCBB-C81CA9424E6E}.Release|Any CPU.ActiveCfg = Release|Any CPU
		{F8D0E5C4-FAAC-4B6D-BCBB-C81CA9424E6E}.Release|Any CPU.Build.0 = Release|Any CPU
		{4ACD0453-6F92-4813-8B91-3A63251F8ACA}.Debug|Any CPU.ActiveCfg = Debug|Any CPU
		{4ACD0453-6F92-4813-8B91-3A63251F8ACA}.Debug|Any CPU.Build.0 = Debug|Any CPU
		{4ACD0453-6F92-4813-8B91-3A63251F8ACA}.Release|Any CPU.ActiveCfg = Release|Any CPU
		{4ACD0453-6F92-4813-8B91-3A63251F8ACA}.Release|Any CPU.Build.0 = Release|Any CPU
		{326BF8F1-186E-432E-94BB-F092D7EF0212}.Debug|Any CPU.ActiveCfg = Debug|Any CPU
		{326BF8F1-186E-432E-94BB-F092D7EF0212}.Debug|Any CPU.Build.0 = Debug|Any CPU
		{326BF8F1-186E-432E-94BB-F092D7EF0212}.Release|Any CPU.ActiveCfg = Debug|Any CPU
		{326BF8F1-186E-432E-94BB-F092D7EF0212}.Release|Any CPU.Build.0 = Debug|Any CPU
		{9A26962A-277E-41C9-9976-2B10B6A8CA62}.Debug|Any CPU.ActiveCfg = Debug|Any CPU
		{9A26962A-277E-41C9-9976-2B10B6A8CA62}.Debug|Any CPU.Build.0 = Debug|Any CPU
		{9A26962A-277E-41C9-9976-2B10B6A8CA62}.Release|Any CPU.ActiveCfg = Release|Any CPU
		{9A26962A-277E-41C9-9976-2B10B6A8CA62}.Release|Any CPU.Build.0 = Release|Any CPU
	EndGlobalSection
	GlobalSection(SolutionProperties) = preSolution
		HideSolutionNode = FALSE
	EndGlobalSection
	GlobalSection(NestedProjects) = preSolution
		{A2E5AA90-3908-49C1-8916-4DCB9A5029B7} = {3FC035FB-5036-4A8F-BD8B-61C318413628}
		{033B655C-A65C-43E3-A879-33B9B92247F0} = {3FC035FB-5036-4A8F-BD8B-61C318413628}
		{AE915E20-9A8D-480B-9A15-33469599C79A} = {8E784CEC-96E8-452F-BADE-950A5AF2FC82}
		{44438E27-5943-4CF1-A4C0-DBAE6492CC32} = {8E784CEC-96E8-452F-BADE-950A5AF2FC82}
		{C4233E3B-D9A9-412C-85B6-9B4373F3E107} = {8E784CEC-96E8-452F-BADE-950A5AF2FC82}
		{6EAEB508-8811-4E13-8654-87D70CAD8ED8} = {011E3ACB-50A9-4099-B6F8-FEC3689BFD7E}
		{5E944CB6-A817-4925-B77E-1CA97555C344} = {6EAEB508-8811-4E13-8654-87D70CAD8ED8}
		{DA12C4CE-9261-41D1-B3EE-67C34E24D497} = {6EAEB508-8811-4E13-8654-87D70CAD8ED8}
		{7A12BCA9-36B3-42C4-BB25-B623F7EF99CC} = {234E8A0A-7076-41F9-B931-77D9F0F8A160}
		{9A3C15DA-91AE-4F45-B72D-D4178D324E18} = {7A12BCA9-36B3-42C4-BB25-B623F7EF99CC}
		{99918A9A-F5AC-4AEB-B46E-0E3F775757D7} = {7A12BCA9-36B3-42C4-BB25-B623F7EF99CC}
		{AD23EC41-6614-405A-80C4-477E118FE658} = {7A12BCA9-36B3-42C4-BB25-B623F7EF99CC}
		{FFBA5C31-DB30-48CD-B7E1-B759497C8354} = {9958FDF6-24A1-4C5B-AE6B-068ACDEC1B7A}
		{F8D0E5C4-FAAC-4B6D-BCBB-C81CA9424E6E} = {7D790905-929A-49F3-A000-797D7F4F4CE8}
		{4ACD0453-6F92-4813-8B91-3A63251F8ACA} = {7D790905-929A-49F3-A000-797D7F4F4CE8}
		{326BF8F1-186E-432E-94BB-F092D7EF0212} = {28D23F35-2D63-4ADF-80DC-5F0195B60764}
		{9A26962A-277E-41C9-9976-2B10B6A8CA62} = {033B655C-A65C-43E3-A879-33B9B92247F0}
		{3969D62D-4915-4B4E-A18C-87FB816DE5F7} = {033B655C-A65C-43E3-A879-33B9B92247F0}
	EndGlobalSection
EndGlobal
