
Microsoft Visual Studio Solution File, Format Version 11.00
# Visual Studio 2010
Project("{FAE04EC0-301F-11D3-BF4B-00C04F79EFBC}") = "Core", "Core\Core.csproj", "{A2E5AA90-3908-49C1-8916-4DCB9A5029B7}"
EndProject
Project("{2150E333-8FDC-42A3-9474-1A3956D46DE8}") = "DataService", "DataService", "{8E784CEC-96E8-452F-BADE-950A5AF2FC82}"
EndProject
Project("{2150E333-8FDC-42A3-9474-1A3956D46DE8}") = "DataAccess", "DataAccess", "{011E3ACB-50A9-4099-B6F8-FEC3689BFD7E}"
EndProject
Project("{2150E333-8FDC-42A3-9474-1A3956D46DE8}") = "EntityFreamwork", "EntityFreamwork", "{6EAEB508-8811-4E13-8654-87D70CAD8ED8}"
EndProject
Project("{FAE04EC0-301F-11D3-BF4B-00C04F79EFBC}") = "EF.DAL", "DataAccess\EntityFreamwork\DAL\EF.DAL.csproj", "{5E944CB6-A817-4925-B77E-1CA97555C344}"
EndProject
Project("{FAE04EC0-301F-11D3-BF4B-00C04F79EFBC}") = "EF.Model", "DataAccess\EntityFreamwork\Module\EF.Model.csproj", "{DA12C4CE-9261-41D1-B3EE-67C34E24D497}"
EndProject
Project("{FAE04EC0-301F-11D3-BF4B-00C04F79EFBC}") = "Wcf.BLL", "DataService\WCFBLL\Wcf.BLL.csproj", "{AE915E20-9A8D-480B-9A15-33469599C79A}"
EndProject
Project("{FAE04EC0-301F-11D3-BF4B-00C04F79EFBC}") = "Wcf.Entity", "DataService\Wcf.Entity\Wcf.Entity.csproj", "{44438E27-5943-4CF1-A4C0-DBAE6492CC32}"
EndProject
Project("{FAE04EC0-301F-11D3-BF4B-00C04F79EFBC}") = "Factory", "DataService\Factory\Factory.csproj", "{C4233E3B-D9A9-412C-85B6-9B4373F3E107}"
EndProject
Global
	GlobalSection(SolutionConfigurationPlatforms) = preSolution
		Debug|Any CPU = Debug|Any CPU
		Release|Any CPU = Release|Any CPU
	EndGlobalSection
	GlobalSection(ProjectConfigurationPlatforms) = postSolution
		{A2E5AA90-3908-49C1-8916-4DCB9A5029B7}.Debug|Any CPU.ActiveCfg = Debug|Any CPU
		{A2E5AA90-3908-49C1-8916-4DCB9A5029B7}.Debug|Any CPU.Build.0 = Debug|Any CPU
		{A2E5AA90-3908-49C1-8916-4DCB9A5029B7}.Release|Any CPU.ActiveCfg = Release|Any CPU
		{A2E5AA90-3908-49C1-8916-4DCB9A5029B7}.Release|Any CPU.Build.0 = Release|Any CPU
		{5E944CB6-A817-4925-B77E-1CA97555C344}.Debug|Any CPU.ActiveCfg = Debug|Any CPU
		{5E944CB6-A817-4925-B77E-1CA97555C344}.Debug|Any CPU.Build.0 = Debug|Any CPU
		{5E944CB6-A817-4925-B77E-1CA97555C344}.Release|Any CPU.ActiveCfg = Release|Any CPU
		{5E944CB6-A817-4925-B77E-1CA97555C344}.Release|Any CPU.Build.0 = Release|Any CPU
		{DA12C4CE-9261-41D1-B3EE-67C34E24D497}.Debug|Any CPU.ActiveCfg = Debug|Any CPU
		{DA12C4CE-9261-41D1-B3EE-67C34E24D497}.Debug|Any CPU.Build.0 = Debug|Any CPU
		{DA12C4CE-9261-41D1-B3EE-67C34E24D497}.Release|Any CPU.ActiveCfg = Release|Any CPU
		{DA12C4CE-9261-41D1-B3EE-67C34E24D497}.Release|Any CPU.Build.0 = Release|Any CPU
		{AE915E20-9A8D-480B-9A15-33469599C79A}.Debug|Any CPU.ActiveCfg = Debug|Any CPU
		{AE915E20-9A8D-480B-9A15-33469599C79A}.Debug|Any CPU.Build.0 = Debug|Any CPU
		{AE915E20-9A8D-480B-9A15-33469599C79A}.Release|Any CPU.ActiveCfg = Release|Any CPU
		{AE915E20-9A8D-480B-9A15-33469599C79A}.Release|Any CPU.Build.0 = Release|Any CPU
		{44438E27-5943-4CF1-A4C0-DBAE6492CC32}.Debug|Any CPU.ActiveCfg = Debug|Any CPU
		{44438E27-5943-4CF1-A4C0-DBAE6492CC32}.Debug|Any CPU.Build.0 = Debug|Any CPU
		{44438E27-5943-4CF1-A4C0-DBAE6492CC32}.Release|Any CPU.ActiveCfg = Release|Any CPU
		{44438E27-5943-4CF1-A4C0-DBAE6492CC32}.Release|Any CPU.Build.0 = Release|Any CPU
		{C4233E3B-D9A9-412C-85B6-9B4373F3E107}.Debug|Any CPU.ActiveCfg = Debug|Any CPU
		{C4233E3B-D9A9-412C-85B6-9B4373F3E107}.Debug|Any CPU.Build.0 = Debug|Any CPU
		{C4233E3B-D9A9-412C-85B6-9B4373F3E107}.Release|Any CPU.ActiveCfg = Release|Any CPU
		{C4233E3B-D9A9-412C-85B6-9B4373F3E107}.Release|Any CPU.Build.0 = Release|Any CPU
	EndGlobalSection
	GlobalSection(SolutionProperties) = preSolution
		HideSolutionNode = FALSE
	EndGlobalSection
	GlobalSection(NestedProjects) = preSolution
		{AE915E20-9A8D-480B-9A15-33469599C79A} = {8E784CEC-96E8-452F-BADE-950A5AF2FC82}
		{44438E27-5943-4CF1-A4C0-DBAE6492CC32} = {8E784CEC-96E8-452F-BADE-950A5AF2FC82}
		{C4233E3B-D9A9-412C-85B6-9B4373F3E107} = {8E784CEC-96E8-452F-BADE-950A5AF2FC82}
		{6EAEB508-8811-4E13-8654-87D70CAD8ED8} = {011E3ACB-50A9-4099-B6F8-FEC3689BFD7E}
		{5E944CB6-A817-4925-B77E-1CA97555C344} = {6EAEB508-8811-4E13-8654-87D70CAD8ED8}
		{DA12C4CE-9261-41D1-B3EE-67C34E24D497} = {6EAEB508-8811-4E13-8654-87D70CAD8ED8}
	EndGlobalSection
EndGlobal
